# THIS IS AN AUTOGENERATED FILE. DO NOT EDIT THIS FILE DIRECTLY.
# yarn lockfile v1


openzeppelin-solidity@2.0.0-rc.1:
  version "2.0.0-rc.1"
  resolved "https://registry.yarnpkg.com/openzeppelin-solidity/-/openzeppelin-solidity-2.0.0-rc.1.tgz#bc22bb2bb44df0c51ba8197ce33c9c4a2654e92a"
  integrity sha512-ibGIkt71Kn7NIGHj5UzC/phaLTIlzTkB30H8dBaSzO4h5R576GiETEy2isONqd0QioYec1JsForJJNx8lx7PMg==
